
Microsoft Visual Studio Solution File, Format Version 12.00
# Visual Studio Version 16
VisualStudioVersion = 16.0.32126.315
MinimumVisualStudioVersion = 10.0.40219.1
Project("{FAE04EC0-301F-11D3-BF4B-00C04F79EFBC}") = "ToDoExercise", "ToDoExercise\ToDoExercise.csproj", "{A3E2C760-8A90-40AC-8C06-7B98CC4E2ECB}"
EndProject
Global
	GlobalSection(SolutionConfigurationPlatforms) = preSolution
		Debug|Any CPU = Debug|Any CPU
		Release|Any CPU = Release|Any CPU
	EndGlobalSection
	GlobalSection(ProjectConfigurationPlatforms) = postSolution
		{A3E2C760-8A90-40AC-8C06-7B98CC4E2ECB}.Debug|Any CPU.ActiveCfg = Debug|Any CPU
		{A3E2C760-8A90-40AC-8C06-7B98CC4E2ECB}.Debug|Any CPU.Build.0 = Debug|Any CPU
		{A3E2C760-8A90-40AC-8C06-7B98CC4E2ECB}.Release|Any CPU.ActiveCfg = Release|Any CPU
		{A3E2C760-8A90-40AC-8C06-7B98CC4E2ECB}.Release|Any CPU.Build.0 = Release|Any CPU
	EndGlobalSection
	GlobalSection(SolutionProperties) = preSolution
		HideSolutionNode = FALSE
	EndGlobalSection
	GlobalSection(ExtensibilityGlobals) = postSolution
		SolutionGuid = {640A4783-83F2-4EF2-8ED5-A582B249A993}
	EndGlobalSection
EndGlobal
